
Microsoft Visual Studio Solution File, Format Version 12.00
# Visual Studio Version 17
VisualStudioVersion = 17.7.34003.232
MinimumVisualStudioVersion = 10.0.40219.1
Project("{FAE04EC0-301F-11D3-BF4B-00C04F79EFBC}") = "Calculator_App", "Calculator_App\Calculator_App.csproj", "{1231B3B0-AAD9-47BE-B388-3F31E043B08F}"
EndProject
Global
	GlobalSection(SolutionConfigurationPlatforms) = preSolution
		Debug|Any CPU = Debug|Any CPU
		Release|Any CPU = Release|Any CPU
	EndGlobalSection
	GlobalSection(ProjectConfigurationPlatforms) = postSolution
		{1231B3B0-AAD9-47BE-B388-3F31E043B08F}.Debug|Any CPU.ActiveCfg = Debug|Any CPU
		{1231B3B0-AAD9-47BE-B388-3F31E043B08F}.Debug|Any CPU.Build.0 = Debug|Any CPU
		{1231B3B0-AAD9-47BE-B388-3F31E043B08F}.Release|Any CPU.ActiveCfg = Release|Any CPU
		{1231B3B0-AAD9-47BE-B388-3F31E043B08F}.Release|Any CPU.Build.0 = Release|Any CPU
	EndGlobalSection
	GlobalSection(SolutionProperties) = preSolution
		HideSolutionNode = FALSE
	EndGlobalSection
	GlobalSection(ExtensibilityGlobals) = postSolution
		SolutionGuid = {9EF18FEE-013C-44B0-83FE-DF11C1D2759A}
	EndGlobalSection
EndGlobal
